// !$*UTF8*$!
{
	archiveVersion = 1;
	classes = {
	};
	objectVersion = 56;
	objects = {

/* Begin PBXBuildFile section */
		1106CD262CD6EAE9005FCCB9 /* Kingfisher in Frameworks */ = {isa = PBXBuildFile; productRef = 1106CD252CD6EAE9005FCCB9 /* Kingfisher */; };
		11242F4A2CCC305D00178851 /* NewsResponseModel.swift in Sources */ = {isa = PBXBuildFile; fileRef = 11242F492CCC305D00178851 /* NewsResponseModel.swift */; };
		11242F4C2CCC30A000178851 /* News.swift in Sources */ = {isa = PBXBuildFile; fileRef = 11242F4B2CCC30A000178851 /* News.swift */; };
		11242F4F2CCC314C00178851 /* HTTPClient.swift in Sources */ = {isa = PBXBuildFile; fileRef = 11242F4E2CCC314C00178851 /* HTTPClient.swift */; };
		11242F512CCC316E00178851 /* ApiService.swift in Sources */ = {isa = PBXBuildFile; fileRef = 11242F502CCC316E00178851 /* ApiService.swift */; };
		11242F532CCC319B00178851 /* Errors.swift in Sources */ = {isa = PBXBuildFile; fileRef = 11242F522CCC319B00178851 /* Errors.swift */; };
		11242F562CCC324000178851 /* ImageService.swift in Sources */ = {isa = PBXBuildFile; fileRef = 11242F552CCC324000178851 /* ImageService.swift */; };
		117C85872CD60F7E004533D4 /* Constants.swift in Sources */ = {isa = PBXBuildFile; fileRef = 117C85862CD60F7E004533D4 /* Constants.swift */; };
		117C85892CD617A8004533D4 /* LabelFactory.swift in Sources */ = {isa = PBXBuildFile; fileRef = 117C85882CD617A8004533D4 /* LabelFactory.swift */; };
		117C858B2CD62B6B004533D4 /* ButtonFactory.swift in Sources */ = {isa = PBXBuildFile; fileRef = 117C858A2CD62B6B004533D4 /* ButtonFactory.swift */; };
		117C858D2CD62D04004533D4 /* ImageFactory.swift in Sources */ = {isa = PBXBuildFile; fileRef = 117C858C2CD62D04004533D4 /* ImageFactory.swift */; };
		11A9ABD32CCFA1E5006660DA /* OnboardingViewController.swift in Sources */ = {isa = PBXBuildFile; fileRef = 11A9ABD22CCFA1E5006660DA /* OnboardingViewController.swift */; };
		11A9ABD62CCFE948006660DA /* OnboardingPage1VC.swift in Sources */ = {isa = PBXBuildFile; fileRef = 11A9ABD52CCFE948006660DA /* OnboardingPage1VC.swift */; };
		11A9ABD82CCFE957006660DA /* OnboardingPage2VC.swift in Sources */ = {isa = PBXBuildFile; fileRef = 11A9ABD72CCFE957006660DA /* OnboardingPage2VC.swift */; };
		11A9ABDA2CCFE963006660DA /* OnboardingPage3VC.swift in Sources */ = {isa = PBXBuildFile; fileRef = 11A9ABD92CCFE963006660DA /* OnboardingPage3VC.swift */; };
		11F2ABC92CD3652300FFCAE5 /* LaunchScreen.storyboard in Resources */ = {isa = PBXBuildFile; fileRef = 11F2ABC82CD3652300FFCAE5 /* LaunchScreen.storyboard */; };
		11F2ABCB2CD3938500FFCAE5 /* TransitionManager.swift in Sources */ = {isa = PBXBuildFile; fileRef = 11F2ABCA2CD3938500FFCAE5 /* TransitionManager.swift */; };
		156CBA872CD61717003FEFAC /* CategorieCell.swift in Sources */ = {isa = PBXBuildFile; fileRef = 156CBA7C2CD61717003FEFAC /* CategorieCell.swift */; };
		156CBA882CD61717003FEFAC /* SectionHeaderView.swift in Sources */ = {isa = PBXBuildFile; fileRef = 156CBA802CD61717003FEFAC /* SectionHeaderView.swift */; };
		156CBA892CD61717003FEFAC /* HomeModel.swift in Sources */ = {isa = PBXBuildFile; fileRef = 156CBA822CD61717003FEFAC /* HomeModel.swift */; };
		156CBA8B2CD61717003FEFAC /* NewFromCategoryCell.swift in Sources */ = {isa = PBXBuildFile; fileRef = 156CBA7D2CD61717003FEFAC /* NewFromCategoryCell.swift */; };
		156CBA8C2CD61717003FEFAC /* RecNewCell.swift in Sources */ = {isa = PBXBuildFile; fileRef = 156CBA7E2CD61717003FEFAC /* RecNewCell.swift */; };
		156CBA8D2CD61717003FEFAC /* HomeViewController.swift in Sources */ = {isa = PBXBuildFile; fileRef = 156CBA842CD61717003FEFAC /* HomeViewController.swift */; };
		156CBA8E2CD61717003FEFAC /* SearchCell.swift in Sources */ = {isa = PBXBuildFile; fileRef = 156CBA7F2CD61717003FEFAC /* SearchCell.swift */; };
		156CBA922CD61D55003FEFAC /* UICollectionView + ext.swift in Sources */ = {isa = PBXBuildFile; fileRef = 156CBA8F2CD61D55003FEFAC /* UICollectionView + ext.swift */; };
		156CBA932CD61D55003FEFAC /* UIView + ext.swift in Sources */ = {isa = PBXBuildFile; fileRef = 156CBA912CD61D55003FEFAC /* UIView + ext.swift */; };
		156CBA942CD61D55003FEFAC /* UICollectionViewLayout + ext.swift in Sources */ = {isa = PBXBuildFile; fileRef = 156CBA902CD61D55003FEFAC /* UICollectionViewLayout + ext.swift */; };
		D106B5132CD3142400D28526 /* Category.swift in Sources */ = {isa = PBXBuildFile; fileRef = D106B5122CD3142400D28526 /* Category.swift */; };
		D106B5152CD3144B00D28526 /* StorageManager.swift in Sources */ = {isa = PBXBuildFile; fileRef = D106B5142CD3144B00D28526 /* StorageManager.swift */; };
		D119A65B2CD6B7FE005756F3 /* AuthView.swift in Sources */ = {isa = PBXBuildFile; fileRef = D119A65A2CD6B7FE005756F3 /* AuthView.swift */; };
		D119A65E2CD6B865005756F3 /* AuthViewController.swift in Sources */ = {isa = PBXBuildFile; fileRef = D119A65D2CD6B865005756F3 /* AuthViewController.swift */; };
		D119A6602CD6B8F9005756F3 /* UITextField_Extension.swift in Sources */ = {isa = PBXBuildFile; fileRef = D119A65F2CD6B8F9005756F3 /* UITextField_Extension.swift */; };
		D119A6622CD6B933005756F3 /* UILabel_Extension.swift in Sources */ = {isa = PBXBuildFile; fileRef = D119A6612CD6B933005756F3 /* UILabel_Extension.swift */; };
		D145C7002CD6B513009D679A /* User.swift in Sources */ = {isa = PBXBuildFile; fileRef = D145C6FF2CD6B513009D679A /* User.swift */; };
		D147AF5A2CD4441400963D4B /* CategoryCell.swift in Sources */ = {isa = PBXBuildFile; fileRef = D147AF592CD4441400963D4B /* CategoryCell.swift */; };
		D147AF5D2CD4453100963D4B /* CategoriesView.swift in Sources */ = {isa = PBXBuildFile; fileRef = D147AF5C2CD4453100963D4B /* CategoriesView.swift */; };
		D147AF5F2CD4456800963D4B /* CategoriesViewController.swift in Sources */ = {isa = PBXBuildFile; fileRef = D147AF5E2CD4456800963D4B /* CategoriesViewController.swift */; };
		D16CD46F2CC6C85900868FA4 /* AppDelegate.swift in Sources */ = {isa = PBXBuildFile; fileRef = D16CD46E2CC6C85900868FA4 /* AppDelegate.swift */; };
		D16CD4712CC6C85900868FA4 /* SceneDelegate.swift in Sources */ = {isa = PBXBuildFile; fileRef = D16CD4702CC6C85900868FA4 /* SceneDelegate.swift */; };
		D16CD4732CC6C85900868FA4 /* ViewController.swift in Sources */ = {isa = PBXBuildFile; fileRef = D16CD4722CC6C85900868FA4 /* ViewController.swift */; };
		D16CD4782CC6C85C00868FA4 /* Assets.xcassets in Resources */ = {isa = PBXBuildFile; fileRef = D16CD4772CC6C85C00868FA4 /* Assets.xcassets */; };
		E75929982CCDFDAD008C59ED /* TermsConditionsViewController.swift in Sources */ = {isa = PBXBuildFile; fileRef = E75929972CCDFDAD008C59ED /* TermsConditionsViewController.swift */; };
		E759299A2CCDFE17008C59ED /* LanguageViewController.swift in Sources */ = {isa = PBXBuildFile; fileRef = E75929992CCDFE17008C59ED /* LanguageViewController.swift */; };
		E759299C2CCDFE71008C59ED /* LanguageCell.swift in Sources */ = {isa = PBXBuildFile; fileRef = E759299B2CCDFE71008C59ED /* LanguageCell.swift */; };
		E759299E2CCE0F5A008C59ED /* UserCell.swift in Sources */ = {isa = PBXBuildFile; fileRef = E759299D2CCE0F5A008C59ED /* UserCell.swift */; };
		F44BE0802CD27782002FAB03 /* Result.swift in Sources */ = {isa = PBXBuildFile; fileRef = F44BE07F2CD27782002FAB03 /* Result.swift */; };
		F4A918672CCD0F2600F3EF54 /* UIColor+Extension.swift in Sources */ = {isa = PBXBuildFile; fileRef = F4A918662CCD0F2600F3EF54 /* UIColor+Extension.swift */; };
		F4A918692CCD11E800F3EF54 /* UIFont+Extension.swift in Sources */ = {isa = PBXBuildFile; fileRef = F4A918682CCD11E800F3EF54 /* UIFont+Extension.swift */; };
		F4A9186B2CCD1CC000F3EF54 /* AppColors.swift in Sources */ = {isa = PBXBuildFile; fileRef = F4A9186A2CCD1CC000F3EF54 /* AppColors.swift */; };
		F4A9186D2CCD232C00F3EF54 /* TabBarController.swift in Sources */ = {isa = PBXBuildFile; fileRef = F4A9186C2CCD232C00F3EF54 /* TabBarController.swift */; };
		F4A918732CCD236600F3EF54 /* AppsViewController.swift in Sources */ = {isa = PBXBuildFile; fileRef = F4A9186E2CCD236600F3EF54 /* AppsViewController.swift */; };
		F4A918742CCD236600F3EF54 /* UserViewController.swift in Sources */ = {isa = PBXBuildFile; fileRef = F4A918712CCD236600F3EF54 /* UserViewController.swift */; };
		F4A9187D2CCD241F00F3EF54 /* Localizable.strings in Resources */ = {isa = PBXBuildFile; fileRef = F4A9187B2CCD241F00F3EF54 /* Localizable.strings */; };
		F4A9187E2CCD241F00F3EF54 /* Localizable.strings in Resources */ = {isa = PBXBuildFile; fileRef = F4A918782CCD241F00F3EF54 /* Localizable.strings */; };
		F4B0347E2CCC30610093E094 /* Inter-Regular.otf in Resources */ = {isa = PBXBuildFile; fileRef = F4B0347C2CCC30610093E094 /* Inter-Regular.otf */; };
		F4B0347F2CCC30610093E094 /* Inter-Bold.otf in Resources */ = {isa = PBXBuildFile; fileRef = F4B0347A2CCC30610093E094 /* Inter-Bold.otf */; };
		F4B034802CCC30610093E094 /* Inter-Medium.otf in Resources */ = {isa = PBXBuildFile; fileRef = F4B0347B2CCC30610093E094 /* Inter-Medium.otf */; };
		F4B034812CCC30610093E094 /* Inter-SemiBold.otf in Resources */ = {isa = PBXBuildFile; fileRef = F4B0347D2CCC30610093E094 /* Inter-SemiBold.otf */; };
		F4F91DE72CD6D78C000618EE /* BookmarkViewController.swift in Sources */ = {isa = PBXBuildFile; fileRef = F4F91DE52CD6D78C000618EE /* BookmarkViewController.swift */; };
		F4F91DE82CD6D78C000618EE /* BookmarkCell.swift in Sources */ = {isa = PBXBuildFile; fileRef = F4F91DE32CD6D78C000618EE /* BookmarkCell.swift */; };
		F4F91DE92CD6D78C000618EE /* BookmarkView.swift in Sources */ = {isa = PBXBuildFile; fileRef = F4F91DE42CD6D78C000618EE /* BookmarkView.swift */; };
/* End PBXBuildFile section */

/* Begin PBXFileReference section */
		11242F492CCC305D00178851 /* NewsResponseModel.swift */ = {isa = PBXFileReference; lastKnownFileType = sourcecode.swift; path = NewsResponseModel.swift; sourceTree = "<group>"; };
		11242F4B2CCC30A000178851 /* News.swift */ = {isa = PBXFileReference; lastKnownFileType = sourcecode.swift; path = News.swift; sourceTree = "<group>"; };
		11242F4E2CCC314C00178851 /* HTTPClient.swift */ = {isa = PBXFileReference; lastKnownFileType = sourcecode.swift; path = HTTPClient.swift; sourceTree = "<group>"; };
		11242F502CCC316E00178851 /* ApiService.swift */ = {isa = PBXFileReference; lastKnownFileType = sourcecode.swift; path = ApiService.swift; sourceTree = "<group>"; };
		11242F522CCC319B00178851 /* Errors.swift */ = {isa = PBXFileReference; lastKnownFileType = sourcecode.swift; path = Errors.swift; sourceTree = "<group>"; };
		11242F552CCC324000178851 /* ImageService.swift */ = {isa = PBXFileReference; lastKnownFileType = sourcecode.swift; path = ImageService.swift; sourceTree = "<group>"; };
		117C85862CD60F7E004533D4 /* Constants.swift */ = {isa = PBXFileReference; lastKnownFileType = sourcecode.swift; path = Constants.swift; sourceTree = "<group>"; };
		117C85882CD617A8004533D4 /* LabelFactory.swift */ = {isa = PBXFileReference; lastKnownFileType = sourcecode.swift; path = LabelFactory.swift; sourceTree = "<group>"; };
		117C858A2CD62B6B004533D4 /* ButtonFactory.swift */ = {isa = PBXFileReference; lastKnownFileType = sourcecode.swift; path = ButtonFactory.swift; sourceTree = "<group>"; };
		117C858C2CD62D04004533D4 /* ImageFactory.swift */ = {isa = PBXFileReference; lastKnownFileType = sourcecode.swift; path = ImageFactory.swift; sourceTree = "<group>"; };
		11A9ABD22CCFA1E5006660DA /* OnboardingViewController.swift */ = {isa = PBXFileReference; lastKnownFileType = sourcecode.swift; path = OnboardingViewController.swift; sourceTree = "<group>"; };
		11A9ABD52CCFE948006660DA /* OnboardingPage1VC.swift */ = {isa = PBXFileReference; lastKnownFileType = sourcecode.swift; path = OnboardingPage1VC.swift; sourceTree = "<group>"; };
		11A9ABD72CCFE957006660DA /* OnboardingPage2VC.swift */ = {isa = PBXFileReference; lastKnownFileType = sourcecode.swift; path = OnboardingPage2VC.swift; sourceTree = "<group>"; };
		11A9ABD92CCFE963006660DA /* OnboardingPage3VC.swift */ = {isa = PBXFileReference; lastKnownFileType = sourcecode.swift; path = OnboardingPage3VC.swift; sourceTree = "<group>"; };
		11F2ABC82CD3652300FFCAE5 /* LaunchScreen.storyboard */ = {isa = PBXFileReference; lastKnownFileType = file.storyboard; path = LaunchScreen.storyboard; sourceTree = "<group>"; };
		11F2ABCA2CD3938500FFCAE5 /* TransitionManager.swift */ = {isa = PBXFileReference; lastKnownFileType = sourcecode.swift; path = TransitionManager.swift; sourceTree = "<group>"; };
		156CBA7C2CD61717003FEFAC /* CategorieCell.swift */ = {isa = PBXFileReference; lastKnownFileType = sourcecode.swift; path = CategorieCell.swift; sourceTree = "<group>"; };
		156CBA7D2CD61717003FEFAC /* NewFromCategoryCell.swift */ = {isa = PBXFileReference; lastKnownFileType = sourcecode.swift; path = NewFromCategoryCell.swift; sourceTree = "<group>"; };
		156CBA7E2CD61717003FEFAC /* RecNewCell.swift */ = {isa = PBXFileReference; lastKnownFileType = sourcecode.swift; path = RecNewCell.swift; sourceTree = "<group>"; };
		156CBA7F2CD61717003FEFAC /* SearchCell.swift */ = {isa = PBXFileReference; lastKnownFileType = sourcecode.swift; path = SearchCell.swift; sourceTree = "<group>"; };
		156CBA802CD61717003FEFAC /* SectionHeaderView.swift */ = {isa = PBXFileReference; lastKnownFileType = sourcecode.swift; path = SectionHeaderView.swift; sourceTree = "<group>"; };
		156CBA822CD61717003FEFAC /* HomeModel.swift */ = {isa = PBXFileReference; lastKnownFileType = sourcecode.swift; path = HomeModel.swift; sourceTree = "<group>"; };
		156CBA842CD61717003FEFAC /* HomeViewController.swift */ = {isa = PBXFileReference; lastKnownFileType = sourcecode.swift; path = HomeViewController.swift; sourceTree = "<group>"; };
		156CBA8F2CD61D55003FEFAC /* UICollectionView + ext.swift */ = {isa = PBXFileReference; lastKnownFileType = sourcecode.swift; path = "UICollectionView + ext.swift"; sourceTree = "<group>"; };
		156CBA902CD61D55003FEFAC /* UICollectionViewLayout + ext.swift */ = {isa = PBXFileReference; lastKnownFileType = sourcecode.swift; path = "UICollectionViewLayout + ext.swift"; sourceTree = "<group>"; };
		156CBA912CD61D55003FEFAC /* UIView + ext.swift */ = {isa = PBXFileReference; lastKnownFileType = sourcecode.swift; path = "UIView + ext.swift"; sourceTree = "<group>"; };
		D106B5122CD3142400D28526 /* Category.swift */ = {isa = PBXFileReference; lastKnownFileType = sourcecode.swift; path = Category.swift; sourceTree = "<group>"; };
		D106B5142CD3144B00D28526 /* StorageManager.swift */ = {isa = PBXFileReference; fileEncoding = 4; lastKnownFileType = sourcecode.swift; path = StorageManager.swift; sourceTree = "<group>"; };
		D119A65A2CD6B7FE005756F3 /* AuthView.swift */ = {isa = PBXFileReference; lastKnownFileType = sourcecode.swift; path = AuthView.swift; sourceTree = "<group>"; };
		D119A65D2CD6B865005756F3 /* AuthViewController.swift */ = {isa = PBXFileReference; lastKnownFileType = sourcecode.swift; path = AuthViewController.swift; sourceTree = "<group>"; };
		D119A65F2CD6B8F9005756F3 /* UITextField_Extension.swift */ = {isa = PBXFileReference; lastKnownFileType = sourcecode.swift; path = UITextField_Extension.swift; sourceTree = "<group>"; };
		D119A6612CD6B933005756F3 /* UILabel_Extension.swift */ = {isa = PBXFileReference; lastKnownFileType = sourcecode.swift; path = UILabel_Extension.swift; sourceTree = "<group>"; };
		D145C6FF2CD6B513009D679A /* User.swift */ = {isa = PBXFileReference; lastKnownFileType = sourcecode.swift; path = User.swift; sourceTree = "<group>"; };
		D147AF592CD4441400963D4B /* CategoryCell.swift */ = {isa = PBXFileReference; lastKnownFileType = sourcecode.swift; path = CategoryCell.swift; sourceTree = "<group>"; };
		D147AF5C2CD4453100963D4B /* CategoriesView.swift */ = {isa = PBXFileReference; lastKnownFileType = sourcecode.swift; path = CategoriesView.swift; sourceTree = "<group>"; };
		D147AF5E2CD4456800963D4B /* CategoriesViewController.swift */ = {isa = PBXFileReference; lastKnownFileType = sourcecode.swift; path = CategoriesViewController.swift; sourceTree = "<group>"; };
		D16CD46B2CC6C85900868FA4 /* WorldNewsApp.app */ = {isa = PBXFileReference; explicitFileType = wrapper.application; includeInIndex = 0; path = WorldNewsApp.app; sourceTree = BUILT_PRODUCTS_DIR; };
		D16CD46E2CC6C85900868FA4 /* AppDelegate.swift */ = {isa = PBXFileReference; lastKnownFileType = sourcecode.swift; path = AppDelegate.swift; sourceTree = "<group>"; };
		D16CD4702CC6C85900868FA4 /* SceneDelegate.swift */ = {isa = PBXFileReference; lastKnownFileType = sourcecode.swift; path = SceneDelegate.swift; sourceTree = "<group>"; };
		D16CD4722CC6C85900868FA4 /* ViewController.swift */ = {isa = PBXFileReference; lastKnownFileType = sourcecode.swift; path = ViewController.swift; sourceTree = "<group>"; };
		D16CD4772CC6C85C00868FA4 /* Assets.xcassets */ = {isa = PBXFileReference; lastKnownFileType = folder.assetcatalog; path = Assets.xcassets; sourceTree = "<group>"; };
		D16CD47C2CC6C85C00868FA4 /* Info.plist */ = {isa = PBXFileReference; lastKnownFileType = text.plist.xml; path = Info.plist; sourceTree = "<group>"; };
		E75929972CCDFDAD008C59ED /* TermsConditionsViewController.swift */ = {isa = PBXFileReference; lastKnownFileType = sourcecode.swift; path = TermsConditionsViewController.swift; sourceTree = "<group>"; };
		E75929992CCDFE17008C59ED /* LanguageViewController.swift */ = {isa = PBXFileReference; lastKnownFileType = sourcecode.swift; path = LanguageViewController.swift; sourceTree = "<group>"; };
		E759299B2CCDFE71008C59ED /* LanguageCell.swift */ = {isa = PBXFileReference; lastKnownFileType = sourcecode.swift; path = LanguageCell.swift; sourceTree = "<group>"; };
		E759299D2CCE0F5A008C59ED /* UserCell.swift */ = {isa = PBXFileReference; lastKnownFileType = sourcecode.swift; path = UserCell.swift; sourceTree = "<group>"; };
		F44BE07F2CD27782002FAB03 /* Result.swift */ = {isa = PBXFileReference; lastKnownFileType = sourcecode.swift; path = Result.swift; sourceTree = "<group>"; };
		F4A918662CCD0F2600F3EF54 /* UIColor+Extension.swift */ = {isa = PBXFileReference; lastKnownFileType = sourcecode.swift; path = "UIColor+Extension.swift"; sourceTree = "<group>"; };
		F4A918682CCD11E800F3EF54 /* UIFont+Extension.swift */ = {isa = PBXFileReference; lastKnownFileType = sourcecode.swift; path = "UIFont+Extension.swift"; sourceTree = "<group>"; };
		F4A9186A2CCD1CC000F3EF54 /* AppColors.swift */ = {isa = PBXFileReference; lastKnownFileType = sourcecode.swift; path = AppColors.swift; sourceTree = "<group>"; };
		F4A9186C2CCD232C00F3EF54 /* TabBarController.swift */ = {isa = PBXFileReference; lastKnownFileType = sourcecode.swift; path = TabBarController.swift; sourceTree = "<group>"; };
		F4A9186E2CCD236600F3EF54 /* AppsViewController.swift */ = {isa = PBXFileReference; lastKnownFileType = sourcecode.swift; path = AppsViewController.swift; sourceTree = "<group>"; };
		F4A918712CCD236600F3EF54 /* UserViewController.swift */ = {isa = PBXFileReference; lastKnownFileType = sourcecode.swift; path = UserViewController.swift; sourceTree = "<group>"; };
		F4A918772CCD241F00F3EF54 /* en */ = {isa = PBXFileReference; lastKnownFileType = text.plist.strings; name = en; path = Localizable.strings; sourceTree = "<group>"; };
		F4A9187A2CCD241F00F3EF54 /* ru */ = {isa = PBXFileReference; lastKnownFileType = text.plist.strings; name = ru; path = Localizable.strings; sourceTree = "<group>"; };
		F4B0347A2CCC30610093E094 /* Inter-Bold.otf */ = {isa = PBXFileReference; lastKnownFileType = file; path = "Inter-Bold.otf"; sourceTree = "<group>"; };
		F4B0347B2CCC30610093E094 /* Inter-Medium.otf */ = {isa = PBXFileReference; lastKnownFileType = file; path = "Inter-Medium.otf"; sourceTree = "<group>"; };
		F4B0347C2CCC30610093E094 /* Inter-Regular.otf */ = {isa = PBXFileReference; lastKnownFileType = file; path = "Inter-Regular.otf"; sourceTree = "<group>"; };
		F4B0347D2CCC30610093E094 /* Inter-SemiBold.otf */ = {isa = PBXFileReference; lastKnownFileType = file; path = "Inter-SemiBold.otf"; sourceTree = "<group>"; };
		F4F91DE32CD6D78C000618EE /* BookmarkCell.swift */ = {isa = PBXFileReference; lastKnownFileType = sourcecode.swift; path = BookmarkCell.swift; sourceTree = "<group>"; };
		F4F91DE42CD6D78C000618EE /* BookmarkView.swift */ = {isa = PBXFileReference; lastKnownFileType = sourcecode.swift; path = BookmarkView.swift; sourceTree = "<group>"; };
		F4F91DE52CD6D78C000618EE /* BookmarkViewController.swift */ = {isa = PBXFileReference; lastKnownFileType = sourcecode.swift; path = BookmarkViewController.swift; sourceTree = "<group>"; };
/* End PBXFileReference section */

/* Begin PBXFrameworksBuildPhase section */
		D16CD4682CC6C85900868FA4 /* Frameworks */ = {
			isa = PBXFrameworksBuildPhase;
			buildActionMask = 2147483647;
			files = (
				1106CD262CD6EAE9005FCCB9 /* Kingfisher in Frameworks */,
			);
			runOnlyForDeploymentPostprocessing = 0;
		};
/* End PBXFrameworksBuildPhase section */

/* Begin PBXGroup section */
		11242F4D2CCC30AE00178851 /* Model */ = {
			isa = PBXGroup;
			children = (
				11242F492CCC305D00178851 /* NewsResponseModel.swift */,
				11242F4B2CCC30A000178851 /* News.swift */,
				D106B5122CD3142400D28526 /* Category.swift */,
				D145C6FF2CD6B513009D679A /* User.swift */,
			);
			path = Model;
			sourceTree = "<group>";
		};
		11242F542CCC31CE00178851 /* Network */ = {
			isa = PBXGroup;
			children = (
				11242F4E2CCC314C00178851 /* HTTPClient.swift */,
				11242F502CCC316E00178851 /* ApiService.swift */,
				11242F522CCC319B00178851 /* Errors.swift */,
			);
			path = Network;
			sourceTree = "<group>";
		};
		11A9ABD42CCFA1EC006660DA /* Onboarding */ = {
			isa = PBXGroup;
			children = (
				11A9ABD22CCFA1E5006660DA /* OnboardingViewController.swift */,
				11A9ABD52CCFE948006660DA /* OnboardingPage1VC.swift */,
				11A9ABD72CCFE957006660DA /* OnboardingPage2VC.swift */,
				11A9ABD92CCFE963006660DA /* OnboardingPage3VC.swift */,
			);
			path = Onboarding;
			sourceTree = "<group>";
		};
		156CBA812CD61717003FEFAC /* Cells */ = {
			isa = PBXGroup;
			children = (
				156CBA7C2CD61717003FEFAC /* CategorieCell.swift */,
				156CBA7D2CD61717003FEFAC /* NewFromCategoryCell.swift */,
				156CBA7E2CD61717003FEFAC /* RecNewCell.swift */,
				156CBA7F2CD61717003FEFAC /* SearchCell.swift */,
				156CBA802CD61717003FEFAC /* SectionHeaderView.swift */,
			);
			path = Cells;
			sourceTree = "<group>";
		};
		156CBA832CD61717003FEFAC /* Model */ = {
			isa = PBXGroup;
			children = (
				156CBA822CD61717003FEFAC /* HomeModel.swift */,
			);
			path = Model;
			sourceTree = "<group>";
		};
		156CBA862CD61717003FEFAC /* HomeScreen */ = {
			isa = PBXGroup;
			children = (
				156CBA812CD61717003FEFAC /* Cells */,
				156CBA832CD61717003FEFAC /* Model */,
				156CBA842CD61717003FEFAC /* HomeViewController.swift */,
			);
			path = HomeScreen;
			sourceTree = "<group>";
		};
		D119A65C2CD6B814005756F3 /* Auth */ = {
			isa = PBXGroup;
			children = (
				D119A65A2CD6B7FE005756F3 /* AuthView.swift */,
				D119A65D2CD6B865005756F3 /* AuthViewController.swift */,
			);
			path = Auth;
			sourceTree = "<group>";
		};
		D147AF5B2CD4450F00963D4B /* Category */ = {
			isa = PBXGroup;
			children = (
				D147AF592CD4441400963D4B /* CategoryCell.swift */,
				D147AF5C2CD4453100963D4B /* CategoriesView.swift */,
				D147AF5E2CD4456800963D4B /* CategoriesViewController.swift */,
			);
			path = Category;
			sourceTree = "<group>";
		};
		D16CD4622CC6C85900868FA4 = {
			isa = PBXGroup;
			children = (
				11F2ABC82CD3652300FFCAE5 /* LaunchScreen.storyboard */,
				D16CD46D2CC6C85900868FA4 /* WorldNewsApp */,
				D16CD46C2CC6C85900868FA4 /* Products */,
			);
			sourceTree = "<group>";
		};
		D16CD46C2CC6C85900868FA4 /* Products */ = {
			isa = PBXGroup;
			children = (
				D16CD46B2CC6C85900868FA4 /* WorldNewsApp.app */,
			);
			name = Products;
			sourceTree = "<group>";
		};
		D16CD46D2CC6C85900868FA4 /* WorldNewsApp */ = {
			isa = PBXGroup;
			children = (
				F4A918612CCD0E0600F3EF54 /* Resources */,
				D16CD46E2CC6C85900868FA4 /* AppDelegate.swift */,
				D16CD4702CC6C85900868FA4 /* SceneDelegate.swift */,
				D16CD4722CC6C85900868FA4 /* ViewController.swift */,
				F4A9186C2CCD232C00F3EF54 /* TabBarController.swift */,
				F44BE07F2CD27782002FAB03 /* Result.swift */,
				D106B5142CD3144B00D28526 /* StorageManager.swift */,
				D16CD4772CC6C85C00868FA4 /* Assets.xcassets */,
				D16CD47C2CC6C85C00868FA4 /* Info.plist */,
				F4F91DE62CD6D78C000618EE /* Bookmark */,
				156CBA862CD61717003FEFAC /* HomeScreen */,
				D147AF5B2CD4450F00963D4B /* Category */,
				F4A918722CCD236600F3EF54 /* Controllers */,
				F4A918622CCD0E4300F3EF54 /* Extensions */,
				11242F542CCC31CE00178851 /* Network */,
				D119A65C2CD6B814005756F3 /* Auth */,
				11A9ABD42CCFA1EC006660DA /* Onboarding */,
				11242F4D2CCC30AE00178851 /* Model */,
			);
			path = WorldNewsApp;
			sourceTree = "<group>";
		};
		F4A918612CCD0E0600F3EF54 /* Resources */ = {
			isa = PBXGroup;
			children = (
				F4A9187F2CCD242800F3EF54 /* Localizable */,
				F4B034792CCC303A0093E094 /* Fonts */,
			);
			path = Resources;
			sourceTree = "<group>";
		};
		F4A918622CCD0E4300F3EF54 /* Extensions */ = {
			isa = PBXGroup;
			children = (
				156CBA8F2CD61D55003FEFAC /* UICollectionView + ext.swift */,
				156CBA902CD61D55003FEFAC /* UICollectionViewLayout + ext.swift */,
				156CBA912CD61D55003FEFAC /* UIView + ext.swift */,
				F4A918662CCD0F2600F3EF54 /* UIColor+Extension.swift */,
				F4A918682CCD11E800F3EF54 /* UIFont+Extension.swift */,
				F4A9186A2CCD1CC000F3EF54 /* AppColors.swift */,
				11242F552CCC324000178851 /* ImageService.swift */,
				11F2ABCA2CD3938500FFCAE5 /* TransitionManager.swift */,
				117C85862CD60F7E004533D4 /* Constants.swift */,
				117C85882CD617A8004533D4 /* LabelFactory.swift */,
				117C858A2CD62B6B004533D4 /* ButtonFactory.swift */,
				117C858C2CD62D04004533D4 /* ImageFactory.swift */,
				D119A65F2CD6B8F9005756F3 /* UITextField_Extension.swift */,
				D119A6612CD6B933005756F3 /* UILabel_Extension.swift */,
			);
			path = Extensions;
			sourceTree = "<group>";
		};
		F4A918722CCD236600F3EF54 /* Controllers */ = {
			isa = PBXGroup;
			children = (
				F4A9186E2CCD236600F3EF54 /* AppsViewController.swift */,
				F4A918712CCD236600F3EF54 /* UserViewController.swift */,
				E759299D2CCE0F5A008C59ED /* UserCell.swift */,
				E75929972CCDFDAD008C59ED /* TermsConditionsViewController.swift */,
				E75929992CCDFE17008C59ED /* LanguageViewController.swift */,
				E759299B2CCDFE71008C59ED /* LanguageCell.swift */,
			);
			path = Controllers;
			sourceTree = "<group>";
		};
		F4A918792CCD241F00F3EF54 /* en.lproj */ = {
			isa = PBXGroup;
			children = (
				F4A918782CCD241F00F3EF54 /* Localizable.strings */,
			);
			path = en.lproj;
			sourceTree = "<group>";
		};
		F4A9187C2CCD241F00F3EF54 /* ru.lproj */ = {
			isa = PBXGroup;
			children = (
				F4A9187B2CCD241F00F3EF54 /* Localizable.strings */,
			);
			path = ru.lproj;
			sourceTree = "<group>";
		};
		F4A9187F2CCD242800F3EF54 /* Localizable */ = {
			isa = PBXGroup;
			children = (
				F4A918792CCD241F00F3EF54 /* en.lproj */,
				F4A9187C2CCD241F00F3EF54 /* ru.lproj */,
			);
			path = Localizable;
			sourceTree = "<group>";
		};
		F4B034792CCC303A0093E094 /* Fonts */ = {
			isa = PBXGroup;
			children = (
				F4B0347A2CCC30610093E094 /* Inter-Bold.otf */,
				F4B0347B2CCC30610093E094 /* Inter-Medium.otf */,
				F4B0347C2CCC30610093E094 /* Inter-Regular.otf */,
				F4B0347D2CCC30610093E094 /* Inter-SemiBold.otf */,
			);
			path = Fonts;
			sourceTree = "<group>";
		};
		F4F91DE62CD6D78C000618EE /* Bookmark */ = {
			isa = PBXGroup;
			children = (
				F4F91DE32CD6D78C000618EE /* BookmarkCell.swift */,
				F4F91DE42CD6D78C000618EE /* BookmarkView.swift */,
				F4F91DE52CD6D78C000618EE /* BookmarkViewController.swift */,
			);
			path = Bookmark;
			sourceTree = "<group>";
		};
/* End PBXGroup section */

/* Begin PBXNativeTarget section */
		D16CD46A2CC6C85900868FA4 /* WorldNewsApp */ = {
			isa = PBXNativeTarget;
			buildConfigurationList = D16CD47F2CC6C85C00868FA4 /* Build configuration list for PBXNativeTarget "WorldNewsApp" */;
			buildPhases = (
				D16CD4672CC6C85900868FA4 /* Sources */,
				D16CD4682CC6C85900868FA4 /* Frameworks */,
				D16CD4692CC6C85900868FA4 /* Resources */,
			);
			buildRules = (
			);
			dependencies = (
			);
			name = WorldNewsApp;
			productName = WorldNewsApp;
			productReference = D16CD46B2CC6C85900868FA4 /* WorldNewsApp.app */;
			productType = "com.apple.product-type.application";
		};
/* End PBXNativeTarget section */

/* Begin PBXProject section */
		D16CD4632CC6C85900868FA4 /* Project object */ = {
			isa = PBXProject;
			attributes = {
				BuildIndependentTargetsInParallel = 1;
				LastSwiftUpdateCheck = 1420;
				LastUpgradeCheck = 1420;
				TargetAttributes = {
					D16CD46A2CC6C85900868FA4 = {
						CreatedOnToolsVersion = 14.2;
					};
				};
			};
			buildConfigurationList = D16CD4662CC6C85900868FA4 /* Build configuration list for PBXProject "WorldNewsApp" */;
			compatibilityVersion = "Xcode 14.0";
			developmentRegion = en;
			hasScannedForEncodings = 0;
			knownRegions = (
				en,
				Base,
				ru,
			);
			mainGroup = D16CD4622CC6C85900868FA4;
			packageReferences = (
				1106CD242CD6EAE9005FCCB9 /* XCRemoteSwiftPackageReference "Kingfisher" */,
			);
			productRefGroup = D16CD46C2CC6C85900868FA4 /* Products */;
			projectDirPath = "";
			projectRoot = "";
			targets = (
				D16CD46A2CC6C85900868FA4 /* WorldNewsApp */,
			);
		};
/* End PBXProject section */

/* Begin PBXResourcesBuildPhase section */
		D16CD4692CC6C85900868FA4 /* Resources */ = {
			isa = PBXResourcesBuildPhase;
			buildActionMask = 2147483647;
			files = (
				11F2ABC92CD3652300FFCAE5 /* LaunchScreen.storyboard in Resources */,
				F4B0347E2CCC30610093E094 /* Inter-Regular.otf in Resources */,
				F4B0347F2CCC30610093E094 /* Inter-Bold.otf in Resources */,
				F4B034802CCC30610093E094 /* Inter-Medium.otf in Resources */,
				F4B034812CCC30610093E094 /* Inter-SemiBold.otf in Resources */,
				F4A9187D2CCD241F00F3EF54 /* Localizable.strings in Resources */,
				F4A9187E2CCD241F00F3EF54 /* Localizable.strings in Resources */,
				D16CD4782CC6C85C00868FA4 /* Assets.xcassets in Resources */,
			);
			runOnlyForDeploymentPostprocessing = 0;
		};
/* End PBXResourcesBuildPhase section */

/* Begin PBXSourcesBuildPhase section */
		D16CD4672CC6C85900868FA4 /* Sources */ = {
			isa = PBXSourcesBuildPhase;
			buildActionMask = 2147483647;
			files = (
				F44BE0802CD27782002FAB03 /* Result.swift in Sources */,
				F4A918692CCD11E800F3EF54 /* UIFont+Extension.swift in Sources */,
				D16CD4732CC6C85900868FA4 /* ViewController.swift in Sources */,
				D119A6602CD6B8F9005756F3 /* UITextField_Extension.swift in Sources */,
				E75929982CCDFDAD008C59ED /* TermsConditionsViewController.swift in Sources */,
				D147AF5A2CD4441400963D4B /* CategoryCell.swift in Sources */,
				F4A918672CCD0F2600F3EF54 /* UIColor+Extension.swift in Sources */,
				F4A9186B2CCD1CC000F3EF54 /* AppColors.swift in Sources */,
				E759299C2CCDFE71008C59ED /* LanguageCell.swift in Sources */,
				117C85892CD617A8004533D4 /* LabelFactory.swift in Sources */,
				F4A9186D2CCD232C00F3EF54 /* TabBarController.swift in Sources */,
				D16CD46F2CC6C85900868FA4 /* AppDelegate.swift in Sources */,
				E759299E2CCE0F5A008C59ED /* UserCell.swift in Sources */,
				11F2ABCB2CD3938500FFCAE5 /* TransitionManager.swift in Sources */,
				F4A918732CCD236600F3EF54 /* AppsViewController.swift in Sources */,
				F4A918742CCD236600F3EF54 /* UserViewController.swift in Sources */,
				E759299A2CCDFE17008C59ED /* LanguageViewController.swift in Sources */,
				D147AF5D2CD4453100963D4B /* CategoriesView.swift in Sources */,
				117C858D2CD62D04004533D4 /* ImageFactory.swift in Sources */,
				11242F562CCC324000178851 /* ImageService.swift in Sources */,
				D119A6622CD6B933005756F3 /* UILabel_Extension.swift in Sources */,
				11A9ABD62CCFE948006660DA /* OnboardingPage1VC.swift in Sources */,
				D145C7002CD6B513009D679A /* User.swift in Sources */,
				11A9ABDA2CCFE963006660DA /* OnboardingPage3VC.swift in Sources */,
				D106B5132CD3142400D28526 /* Category.swift in Sources */,
				156CBA872CD61717003FEFAC /* CategorieCell.swift in Sources */,
				156CBA882CD61717003FEFAC /* SectionHeaderView.swift in Sources */,
				156CBA892CD61717003FEFAC /* HomeModel.swift in Sources */,
				156CBA8B2CD61717003FEFAC /* NewFromCategoryCell.swift in Sources */,
				117C858B2CD62B6B004533D4 /* ButtonFactory.swift in Sources */,
				D119A65B2CD6B7FE005756F3 /* AuthView.swift in Sources */,
				156CBA8C2CD61717003FEFAC /* RecNewCell.swift in Sources */,
				156CBA8D2CD61717003FEFAC /* HomeViewController.swift in Sources */,
				156CBA8E2CD61717003FEFAC /* SearchCell.swift in Sources */,
				D106B5152CD3144B00D28526 /* StorageManager.swift in Sources */,
				F4F91DE72CD6D78C000618EE /* BookmarkViewController.swift in Sources */,
				F4F91DE82CD6D78C000618EE /* BookmarkCell.swift in Sources */,
				F4F91DE92CD6D78C000618EE /* BookmarkView.swift in Sources */,
				11242F4F2CCC314C00178851 /* HTTPClient.swift in Sources */,
				D147AF5F2CD4456800963D4B /* CategoriesViewController.swift in Sources */,
				117C85872CD60F7E004533D4 /* Constants.swift in Sources */,
				D16CD4712CC6C85900868FA4 /* SceneDelegate.swift in Sources */,
				11242F532CCC319B00178851 /* Errors.swift in Sources */,
				11242F4C2CCC30A000178851 /* News.swift in Sources */,
				D119A65E2CD6B865005756F3 /* AuthViewController.swift in Sources */,
				11A9ABD32CCFA1E5006660DA /* OnboardingViewController.swift in Sources */,
				156CBA922CD61D55003FEFAC /* UICollectionView + ext.swift in Sources */,
				156CBA932CD61D55003FEFAC /* UIView + ext.swift in Sources */,
				156CBA942CD61D55003FEFAC /* UICollectionViewLayout + ext.swift in Sources */,
				11A9ABD82CCFE957006660DA /* OnboardingPage2VC.swift in Sources */,
				11242F512CCC316E00178851 /* ApiService.swift in Sources */,
				11242F4A2CCC305D00178851 /* NewsResponseModel.swift in Sources */,
			);
			runOnlyForDeploymentPostprocessing = 0;
		};
/* End PBXSourcesBuildPhase section */

/* Begin PBXVariantGroup section */
		F4A918782CCD241F00F3EF54 /* Localizable.strings */ = {
			isa = PBXVariantGroup;
			children = (
				F4A918772CCD241F00F3EF54 /* en */,
			);
			name = Localizable.strings;
			sourceTree = "<group>";
		};
		F4A9187B2CCD241F00F3EF54 /* Localizable.strings */ = {
			isa = PBXVariantGroup;
			children = (
				F4A9187A2CCD241F00F3EF54 /* ru */,
			);
			name = Localizable.strings;
			sourceTree = "<group>";
		};
/* End PBXVariantGroup section */

/* Begin XCBuildConfiguration section */
		D16CD47D2CC6C85C00868FA4 /* Debug */ = {
			isa = XCBuildConfiguration;
			buildSettings = {
				ALWAYS_SEARCH_USER_PATHS = NO;
				CLANG_ANALYZER_NONNULL = YES;
				CLANG_ANALYZER_NUMBER_OBJECT_CONVERSION = YES_AGGRESSIVE;
				CLANG_CXX_LANGUAGE_STANDARD = "gnu++20";
				CLANG_ENABLE_MODULES = YES;
				CLANG_ENABLE_OBJC_ARC = YES;
				CLANG_ENABLE_OBJC_WEAK = YES;
				CLANG_WARN_BLOCK_CAPTURE_AUTORELEASING = YES;
				CLANG_WARN_BOOL_CONVERSION = YES;
				CLANG_WARN_COMMA = YES;
				CLANG_WARN_CONSTANT_CONVERSION = YES;
				CLANG_WARN_DEPRECATED_OBJC_IMPLEMENTATIONS = YES;
				CLANG_WARN_DIRECT_OBJC_ISA_USAGE = YES_ERROR;
				CLANG_WARN_DOCUMENTATION_COMMENTS = YES;
				CLANG_WARN_EMPTY_BODY = YES;
				CLANG_WARN_ENUM_CONVERSION = YES;
				CLANG_WARN_INFINITE_RECURSION = YES;
				CLANG_WARN_INT_CONVERSION = YES;
				CLANG_WARN_NON_LITERAL_NULL_CONVERSION = YES;
				CLANG_WARN_OBJC_IMPLICIT_RETAIN_SELF = YES;
				CLANG_WARN_OBJC_LITERAL_CONVERSION = YES;
				CLANG_WARN_OBJC_ROOT_CLASS = YES_ERROR;
				CLANG_WARN_QUOTED_INCLUDE_IN_FRAMEWORK_HEADER = YES;
				CLANG_WARN_RANGE_LOOP_ANALYSIS = YES;
				CLANG_WARN_STRICT_PROTOTYPES = YES;
				CLANG_WARN_SUSPICIOUS_MOVE = YES;
				CLANG_WARN_UNGUARDED_AVAILABILITY = YES_AGGRESSIVE;
				CLANG_WARN_UNREACHABLE_CODE = YES;
				CLANG_WARN__DUPLICATE_METHOD_MATCH = YES;
				COPY_PHASE_STRIP = NO;
				DEBUG_INFORMATION_FORMAT = dwarf;
				ENABLE_STRICT_OBJC_MSGSEND = YES;
				ENABLE_TESTABILITY = YES;
				GCC_C_LANGUAGE_STANDARD = gnu11;
				GCC_DYNAMIC_NO_PIC = NO;
				GCC_NO_COMMON_BLOCKS = YES;
				GCC_OPTIMIZATION_LEVEL = 0;
				GCC_PREPROCESSOR_DEFINITIONS = (
					"DEBUG=1",
					"$(inherited)",
				);
				GCC_WARN_64_TO_32_BIT_CONVERSION = YES;
				GCC_WARN_ABOUT_RETURN_TYPE = YES_ERROR;
				GCC_WARN_UNDECLARED_SELECTOR = YES;
				GCC_WARN_UNINITIALIZED_AUTOS = YES_AGGRESSIVE;
				GCC_WARN_UNUSED_FUNCTION = YES;
				GCC_WARN_UNUSED_VARIABLE = YES;
				IPHONEOS_DEPLOYMENT_TARGET = 16.2;
				MTL_ENABLE_DEBUG_INFO = INCLUDE_SOURCE;
				MTL_FAST_MATH = YES;
				ONLY_ACTIVE_ARCH = YES;
				SDKROOT = iphoneos;
				SWIFT_ACTIVE_COMPILATION_CONDITIONS = DEBUG;
				SWIFT_OPTIMIZATION_LEVEL = "-Onone";
			};
			name = Debug;
		};
		D16CD47E2CC6C85C00868FA4 /* Release */ = {
			isa = XCBuildConfiguration;
			buildSettings = {
				ALWAYS_SEARCH_USER_PATHS = NO;
				CLANG_ANALYZER_NONNULL = YES;
				CLANG_ANALYZER_NUMBER_OBJECT_CONVERSION = YES_AGGRESSIVE;
				CLANG_CXX_LANGUAGE_STANDARD = "gnu++20";
				CLANG_ENABLE_MODULES = YES;
				CLANG_ENABLE_OBJC_ARC = YES;
				CLANG_ENABLE_OBJC_WEAK = YES;
				CLANG_WARN_BLOCK_CAPTURE_AUTORELEASING = YES;
				CLANG_WARN_BOOL_CONVERSION = YES;
				CLANG_WARN_COMMA = YES;
				CLANG_WARN_CONSTANT_CONVERSION = YES;
				CLANG_WARN_DEPRECATED_OBJC_IMPLEMENTATIONS = YES;
				CLANG_WARN_DIRECT_OBJC_ISA_USAGE = YES_ERROR;
				CLANG_WARN_DOCUMENTATION_COMMENTS = YES;
				CLANG_WARN_EMPTY_BODY = YES;
				CLANG_WARN_ENUM_CONVERSION = YES;
				CLANG_WARN_INFINITE_RECURSION = YES;
				CLANG_WARN_INT_CONVERSION = YES;
				CLANG_WARN_NON_LITERAL_NULL_CONVERSION = YES;
				CLANG_WARN_OBJC_IMPLICIT_RETAIN_SELF = YES;
				CLANG_WARN_OBJC_LITERAL_CONVERSION = YES;
				CLANG_WARN_OBJC_ROOT_CLASS = YES_ERROR;
				CLANG_WARN_QUOTED_INCLUDE_IN_FRAMEWORK_HEADER = YES;
				CLANG_WARN_RANGE_LOOP_ANALYSIS = YES;
				CLANG_WARN_STRICT_PROTOTYPES = YES;
				CLANG_WARN_SUSPICIOUS_MOVE = YES;
				CLANG_WARN_UNGUARDED_AVAILABILITY = YES_AGGRESSIVE;
				CLANG_WARN_UNREACHABLE_CODE = YES;
				CLANG_WARN__DUPLICATE_METHOD_MATCH = YES;
				COPY_PHASE_STRIP = NO;
				DEBUG_INFORMATION_FORMAT = "dwarf-with-dsym";
				ENABLE_NS_ASSERTIONS = NO;
				ENABLE_STRICT_OBJC_MSGSEND = YES;
				GCC_C_LANGUAGE_STANDARD = gnu11;
				GCC_NO_COMMON_BLOCKS = YES;
				GCC_WARN_64_TO_32_BIT_CONVERSION = YES;
				GCC_WARN_ABOUT_RETURN_TYPE = YES_ERROR;
				GCC_WARN_UNDECLARED_SELECTOR = YES;
				GCC_WARN_UNINITIALIZED_AUTOS = YES_AGGRESSIVE;
				GCC_WARN_UNUSED_FUNCTION = YES;
				GCC_WARN_UNUSED_VARIABLE = YES;
				IPHONEOS_DEPLOYMENT_TARGET = 16.2;
				MTL_ENABLE_DEBUG_INFO = NO;
				MTL_FAST_MATH = YES;
				SDKROOT = iphoneos;
				SWIFT_COMPILATION_MODE = wholemodule;
				SWIFT_OPTIMIZATION_LEVEL = "-O";
				VALIDATE_PRODUCT = YES;
			};
			name = Release;
		};
		D16CD4802CC6C85C00868FA4 /* Debug */ = {
			isa = XCBuildConfiguration;
			buildSettings = {
				ASSETCATALOG_COMPILER_APPICON_NAME = AppIcon;
				ASSETCATALOG_COMPILER_GLOBAL_ACCENT_COLOR_NAME = AccentColor;
				CODE_SIGN_STYLE = Automatic;
				CURRENT_PROJECT_VERSION = 1;
				GENERATE_INFOPLIST_FILE = YES;
				INFOPLIST_FILE = WorldNewsApp/Info.plist;
				INFOPLIST_KEY_UIApplicationSupportsIndirectInputEvents = YES;
				INFOPLIST_KEY_UILaunchStoryboardName = LaunchScreen;
				INFOPLIST_KEY_UISupportedInterfaceOrientations = UIInterfaceOrientationPortrait;
				INFOPLIST_KEY_UISupportedInterfaceOrientations_iPad = "UIInterfaceOrientationPortrait UIInterfaceOrientationPortraitUpsideDown";
				IPHONEOS_DEPLOYMENT_TARGET = 15.0;
				LD_RUNPATH_SEARCH_PATHS = (
					"$(inherited)",
					"@executable_path/Frameworks",
				);
				MARKETING_VERSION = 1.0;
				PRODUCT_BUNDLE_IDENTIFIER = com.Dmitry.worldNewsApp.WorldNewsApp;
				PRODUCT_NAME = "$(TARGET_NAME)";
				SUPPORTED_PLATFORMS = "iphoneos iphonesimulator";
				SUPPORTS_MACCATALYST = NO;
				SUPPORTS_MAC_DESIGNED_FOR_IPHONE_IPAD = NO;
				SUPPORTS_XR_DESIGNED_FOR_IPHONE_IPAD = NO;
				SWIFT_EMIT_LOC_STRINGS = YES;
				SWIFT_VERSION = 5.0;
				TARGETED_DEVICE_FAMILY = 1;
			};
			name = Debug;
		};
		D16CD4812CC6C85C00868FA4 /* Release */ = {
			isa = XCBuildConfiguration;
			buildSettings = {
				ASSETCATALOG_COMPILER_APPICON_NAME = AppIcon;
				ASSETCATALOG_COMPILER_GLOBAL_ACCENT_COLOR_NAME = AccentColor;
				CODE_SIGN_STYLE = Automatic;
				CURRENT_PROJECT_VERSION = 1;
				GENERATE_INFOPLIST_FILE = YES;
				INFOPLIST_FILE = WorldNewsApp/Info.plist;
				INFOPLIST_KEY_UIApplicationSupportsIndirectInputEvents = YES;
				INFOPLIST_KEY_UILaunchStoryboardName = LaunchScreen;
				INFOPLIST_KEY_UISupportedInterfaceOrientations = UIInterfaceOrientationPortrait;
				INFOPLIST_KEY_UISupportedInterfaceOrientations_iPad = "UIInterfaceOrientationPortrait UIInterfaceOrientationPortraitUpsideDown";
				IPHONEOS_DEPLOYMENT_TARGET = 15.0;
				LD_RUNPATH_SEARCH_PATHS = (
					"$(inherited)",
					"@executable_path/Frameworks",
				);
				MARKETING_VERSION = 1.0;
				PRODUCT_BUNDLE_IDENTIFIER = com.Dmitry.worldNewsApp.WorldNewsApp;
				PRODUCT_NAME = "$(TARGET_NAME)";
				SUPPORTED_PLATFORMS = "iphoneos iphonesimulator";
				SUPPORTS_MACCATALYST = NO;
				SUPPORTS_MAC_DESIGNED_FOR_IPHONE_IPAD = NO;
				SUPPORTS_XR_DESIGNED_FOR_IPHONE_IPAD = NO;
				SWIFT_EMIT_LOC_STRINGS = YES;
				SWIFT_VERSION = 5.0;
				TARGETED_DEVICE_FAMILY = 1;
			};
			name = Release;
		};
/* End XCBuildConfiguration section */

/* Begin XCConfigurationList section */
		D16CD4662CC6C85900868FA4 /* Build configuration list for PBXProject "WorldNewsApp" */ = {
			isa = XCConfigurationList;
			buildConfigurations = (
				D16CD47D2CC6C85C00868FA4 /* Debug */,
				D16CD47E2CC6C85C00868FA4 /* Release */,
			);
			defaultConfigurationIsVisible = 0;
			defaultConfigurationName = Release;
		};
		D16CD47F2CC6C85C00868FA4 /* Build configuration list for PBXNativeTarget "WorldNewsApp" */ = {
			isa = XCConfigurationList;
			buildConfigurations = (
				D16CD4802CC6C85C00868FA4 /* Debug */,
				D16CD4812CC6C85C00868FA4 /* Release */,
			);
			defaultConfigurationIsVisible = 0;
			defaultConfigurationName = Release;
		};
/* End XCConfigurationList section */

/* Begin XCRemoteSwiftPackageReference section */
		1106CD242CD6EAE9005FCCB9 /* XCRemoteSwiftPackageReference "Kingfisher" */ = {
			isa = XCRemoteSwiftPackageReference;
			repositoryURL = "https://github.com/onevcat/Kingfisher.git";
			requirement = {
				kind = upToNextMajorVersion;
				minimumVersion = 8.1.0;
			};
		};
/* End XCRemoteSwiftPackageReference section */

/* Begin XCSwiftPackageProductDependency section */
		1106CD252CD6EAE9005FCCB9 /* Kingfisher */ = {
			isa = XCSwiftPackageProductDependency;
			package = 1106CD242CD6EAE9005FCCB9 /* XCRemoteSwiftPackageReference "Kingfisher" */;
			productName = Kingfisher;
		};
/* End XCSwiftPackageProductDependency section */
	};
	rootObject = D16CD4632CC6C85900868FA4 /* Project object */;
}
